
Microsoft Visual Studio Solution File, Format Version 12.00
# Visual Studio 14
VisualStudioVersion = 14.0.25420.1
MinimumVisualStudioVersion = 10.0.40219.1
Project("{FAE04EC0-301F-11D3-BF4B-00C04F79EFBC}") = "MutableTuple", "MutableTuple\MutableTuple.csproj", "{1E14D932-CE77-4258-AE53-EF39BCC07437}"
EndProject
Project("{FAE04EC0-301F-11D3-BF4B-00C04F79EFBC}") = "MutableTupleTests", "MutableTupleTests\MutableTupleTests.csproj", "{CDE8C30A-E4CC-44FA-904D-7B02877C1AE4}"
EndProject
Global
	GlobalSection(SolutionConfigurationPlatforms) = preSolution
		Debug|Any CPU = Debug|Any CPU
		Release|Any CPU = Release|Any CPU
	EndGlobalSection
	GlobalSection(ProjectConfigurationPlatforms) = postSolution
		{1E14D932-CE77-4258-AE53-EF39BCC07437}.Debug|Any CPU.ActiveCfg = Debug|Any CPU
		{1E14D932-CE77-4258-AE53-EF39BCC07437}.Debug|Any CPU.Build.0 = Debug|Any CPU
		{1E14D932-CE77-4258-AE53-EF39BCC07437}.Release|Any CPU.ActiveCfg = Release|Any CPU
		{1E14D932-CE77-4258-AE53-EF39BCC07437}.Release|Any CPU.Build.0 = Release|Any CPU
		{CDE8C30A-E4CC-44FA-904D-7B02877C1AE4}.Debug|Any CPU.ActiveCfg = Debug|Any CPU
		{CDE8C30A-E4CC-44FA-904D-7B02877C1AE4}.Debug|Any CPU.Build.0 = Debug|Any CPU
		{CDE8C30A-E4CC-44FA-904D-7B02877C1AE4}.Release|Any CPU.ActiveCfg = Debug|Any CPU
		{CDE8C30A-E4CC-44FA-904D-7B02877C1AE4}.Release|Any CPU.Build.0 = Debug|Any CPU
	EndGlobalSection
	GlobalSection(SolutionProperties) = preSolution
		HideSolutionNode = FALSE
	EndGlobalSection
EndGlobal
